
Microsoft Visual Studio Solution File, Format Version 12.00
# Visual Studio Version 17
Project("{8BC9CEB8-8B4A-11D0-8D11-00A0C91BC942}") = "ALL_BUILD", "ALL_BUILD.vcxproj", "{3B5B9CA8-8443-3104-86D8-8CD73DDAB169}"
	ProjectSection(ProjectDependencies) = postProject
		{2C3FAA17-F2BA-3306-9458-1B39EA5901C8} = {2C3FAA17-F2BA-3306-9458-1B39EA5901C8}
		{2977ED0D-B77D-3E0F-8005-07C8EBB9353D} = {2977ED0D-B77D-3E0F-8005-07C8EBB9353D}
		{F265D383-0E09-39A7-9473-7191A665BAD1} = {F265D383-0E09-39A7-9473-7191A665BAD1}
		{26AB57D7-45F1-345B-9000-85C612700E4E} = {26AB57D7-45F1-345B-9000-85C612700E4E}
		{89583644-C375-35DB-9D11-C8AD7CC9E65C} = {89583644-C375-35DB-9D11-C8AD7CC9E65C}
		{CFF25466-692B-31C5-A13F-2AB75E022653} = {CFF25466-692B-31C5-A13F-2AB75E022653}
		{271846BA-47A5-3F74-A483-FF9398511C95} = {271846BA-47A5-3F74-A483-FF9398511C95}
	EndProjectSection
EndProject
Project("{8BC9CEB8-8B4A-11D0-8D11-00A0C91BC942}") = "INSTALL", "INSTALL.vcxproj", "{F9438AFA-6237-3210-AF8B-2F8E42EAA439}"
	ProjectSection(ProjectDependencies) = postProject
		{3B5B9CA8-8443-3104-86D8-8CD73DDAB169} = {3B5B9CA8-8443-3104-86D8-8CD73DDAB169}
		{2C3FAA17-F2BA-3306-9458-1B39EA5901C8} = {2C3FAA17-F2BA-3306-9458-1B39EA5901C8}
	EndProjectSection
EndProject
Project("{8BC9CEB8-8B4A-11D0-8D11-00A0C91BC942}") = "ZERO_CHECK", "ZERO_CHECK.vcxproj", "{2C3FAA17-F2BA-3306-9458-1B39EA5901C8}"
	ProjectSection(ProjectDependencies) = postProject
	EndProjectSection
EndProject
Project("{8BC9CEB8-8B4A-11D0-8D11-00A0C91BC942}") = "eepromtool", "SOEM\test\linux\eepromtool\eepromtool.vcxproj", "{2977ED0D-B77D-3E0F-8005-07C8EBB9353D}"
	ProjectSection(ProjectDependencies) = postProject
		{2C3FAA17-F2BA-3306-9458-1B39EA5901C8} = {2C3FAA17-F2BA-3306-9458-1B39EA5901C8}
		{89583644-C375-35DB-9D11-C8AD7CC9E65C} = {89583644-C375-35DB-9D11-C8AD7CC9E65C}
	EndProjectSection
EndProject
Project("{8BC9CEB8-8B4A-11D0-8D11-00A0C91BC942}") = "simple_test", "SOEM\test\linux\simple_test\simple_test.vcxproj", "{F265D383-0E09-39A7-9473-7191A665BAD1}"
	ProjectSection(ProjectDependencies) = postProject
		{2C3FAA17-F2BA-3306-9458-1B39EA5901C8} = {2C3FAA17-F2BA-3306-9458-1B39EA5901C8}
		{89583644-C375-35DB-9D11-C8AD7CC9E65C} = {89583644-C375-35DB-9D11-C8AD7CC9E65C}
	EndProjectSection
EndProject
Project("{8BC9CEB8-8B4A-11D0-8D11-00A0C91BC942}") = "slaveinfo", "SOEM\test\linux\slaveinfo\slaveinfo.vcxproj", "{26AB57D7-45F1-345B-9000-85C612700E4E}"
	ProjectSection(ProjectDependencies) = postProject
		{2C3FAA17-F2BA-3306-9458-1B39EA5901C8} = {2C3FAA17-F2BA-3306-9458-1B39EA5901C8}
		{89583644-C375-35DB-9D11-C8AD7CC9E65C} = {89583644-C375-35DB-9D11-C8AD7CC9E65C}
	EndProjectSection
EndProject
Project("{8BC9CEB8-8B4A-11D0-8D11-00A0C91BC942}") = "soem", "SOEM\soem.vcxproj", "{89583644-C375-35DB-9D11-C8AD7CC9E65C}"
	ProjectSection(ProjectDependencies) = postProject
		{2C3FAA17-F2BA-3306-9458-1B39EA5901C8} = {2C3FAA17-F2BA-3306-9458-1B39EA5901C8}
	EndProjectSection
EndProject
Project("{8BC9CEB8-8B4A-11D0-8D11-00A0C91BC942}") = "soem_wrapper", "SOEM_wrapper\soem_wrapper.vcxproj", "{CFF25466-692B-31C5-A13F-2AB75E022653}"
	ProjectSection(ProjectDependencies) = postProject
		{2C3FAA17-F2BA-3306-9458-1B39EA5901C8} = {2C3FAA17-F2BA-3306-9458-1B39EA5901C8}
		{89583644-C375-35DB-9D11-C8AD7CC9E65C} = {89583644-C375-35DB-9D11-C8AD7CC9E65C}
		{271846BA-47A5-3F74-A483-FF9398511C95} = {271846BA-47A5-3F74-A483-FF9398511C95}
	EndProjectSection
EndProject
Project("{8BC9CEB8-8B4A-11D0-8D11-00A0C91BC942}") = "virt_dev", "SOEM_wrapper\virtDev\virt_dev.vcxproj", "{271846BA-47A5-3F74-A483-FF9398511C95}"
	ProjectSection(ProjectDependencies) = postProject
		{2C3FAA17-F2BA-3306-9458-1B39EA5901C8} = {2C3FAA17-F2BA-3306-9458-1B39EA5901C8}
	EndProjectSection
EndProject
Global
	GlobalSection(SolutionConfigurationPlatforms) = preSolution
		Debug|x64 = Debug|x64
		Release|x64 = Release|x64
	EndGlobalSection
	GlobalSection(ProjectConfigurationPlatforms) = postSolution
		{3B5B9CA8-8443-3104-86D8-8CD73DDAB169}.Debug|x64.ActiveCfg = Debug|x64
		{3B5B9CA8-8443-3104-86D8-8CD73DDAB169}.Debug|x64.Build.0 = Debug|x64
		{3B5B9CA8-8443-3104-86D8-8CD73DDAB169}.Release|x64.ActiveCfg = Release|x64
		{3B5B9CA8-8443-3104-86D8-8CD73DDAB169}.Release|x64.Build.0 = Release|x64
		{F9438AFA-6237-3210-AF8B-2F8E42EAA439}.Debug|x64.ActiveCfg = Debug|x64
		{F9438AFA-6237-3210-AF8B-2F8E42EAA439}.Release|x64.ActiveCfg = Release|x64
		{2C3FAA17-F2BA-3306-9458-1B39EA5901C8}.Debug|x64.ActiveCfg = Debug|x64
		{2C3FAA17-F2BA-3306-9458-1B39EA5901C8}.Debug|x64.Build.0 = Debug|x64
		{2C3FAA17-F2BA-3306-9458-1B39EA5901C8}.Release|x64.ActiveCfg = Release|x64
		{2C3FAA17-F2BA-3306-9458-1B39EA5901C8}.Release|x64.Build.0 = Release|x64
		{2977ED0D-B77D-3E0F-8005-07C8EBB9353D}.Debug|x64.ActiveCfg = Debug|x64
		{2977ED0D-B77D-3E0F-8005-07C8EBB9353D}.Debug|x64.Build.0 = Debug|x64
		{2977ED0D-B77D-3E0F-8005-07C8EBB9353D}.Release|x64.ActiveCfg = Release|x64
		{2977ED0D-B77D-3E0F-8005-07C8EBB9353D}.Release|x64.Build.0 = Release|x64
		{F265D383-0E09-39A7-9473-7191A665BAD1}.Debug|x64.ActiveCfg = Debug|x64
		{F265D383-0E09-39A7-9473-7191A665BAD1}.Debug|x64.Build.0 = Debug|x64
		{F265D383-0E09-39A7-9473-7191A665BAD1}.Release|x64.ActiveCfg = Release|x64
		{F265D383-0E09-39A7-9473-7191A665BAD1}.Release|x64.Build.0 = Release|x64
		{26AB57D7-45F1-345B-9000-85C612700E4E}.Debug|x64.ActiveCfg = Debug|x64
		{26AB57D7-45F1-345B-9000-85C612700E4E}.Debug|x64.Build.0 = Debug|x64
		{26AB57D7-45F1-345B-9000-85C612700E4E}.Release|x64.ActiveCfg = Release|x64
		{26AB57D7-45F1-345B-9000-85C612700E4E}.Release|x64.Build.0 = Release|x64
		{89583644-C375-35DB-9D11-C8AD7CC9E65C}.Debug|x64.ActiveCfg = Debug|x64
		{89583644-C375-35DB-9D11-C8AD7CC9E65C}.Debug|x64.Build.0 = Debug|x64
		{89583644-C375-35DB-9D11-C8AD7CC9E65C}.Release|x64.ActiveCfg = Release|x64
		{89583644-C375-35DB-9D11-C8AD7CC9E65C}.Release|x64.Build.0 = Release|x64
		{CFF25466-692B-31C5-A13F-2AB75E022653}.Debug|x64.ActiveCfg = Debug|x64
		{CFF25466-692B-31C5-A13F-2AB75E022653}.Debug|x64.Build.0 = Debug|x64
		{CFF25466-692B-31C5-A13F-2AB75E022653}.Release|x64.ActiveCfg = Release|x64
		{CFF25466-692B-31C5-A13F-2AB75E022653}.Release|x64.Build.0 = Release|x64
		{271846BA-47A5-3F74-A483-FF9398511C95}.Debug|x64.ActiveCfg = Debug|x64
		{271846BA-47A5-3F74-A483-FF9398511C95}.Debug|x64.Build.0 = Debug|x64
		{271846BA-47A5-3F74-A483-FF9398511C95}.Release|x64.ActiveCfg = Release|x64
		{271846BA-47A5-3F74-A483-FF9398511C95}.Release|x64.Build.0 = Release|x64
	EndGlobalSection
	GlobalSection(ExtensibilityGlobals) = postSolution
		SolutionGuid = {FCCF1238-3A54-3271-9761-034C2F43F664}
	EndGlobalSection
	GlobalSection(ExtensibilityAddIns) = postSolution
	EndGlobalSection
EndGlobal
