<?xml version="1.0" encoding="utf-8"?>
<Project ToolsVersion="17.0" xmlns="http://schemas.microsoft.com/developer/msbuild/2003">
  <ItemGroup>
    <ClCompile Include="C:\Users\DBB\Desktop\git\EtherCAT.NET\native\SOEM\soem\ethercatbase.c">
      <Filter>Source Files</Filter>
    </ClCompile>
    <ClCompile Include="C:\Users\DBB\Desktop\git\EtherCAT.NET\native\SOEM\soem\ethercatcoe.c">
      <Filter>Source Files</Filter>
    </ClCompile>
    <ClCompile Include="C:\Users\DBB\Desktop\git\EtherCAT.NET\native\SOEM\soem\ethercatconfig.c">
      <Filter>Source Files</Filter>
    </ClCompile>
    <ClCompile Include="C:\Users\DBB\Desktop\git\EtherCAT.NET\native\SOEM\soem\ethercatdc.c">
      <Filter>Source Files</Filter>
    </ClCompile>
    <ClCompile Include="C:\Users\DBB\Desktop\git\EtherCAT.NET\native\SOEM\soem\ethercateoe.c">
      <Filter>Source Files</Filter>
    </ClCompile>
    <ClCompile Include="C:\Users\DBB\Desktop\git\EtherCAT.NET\native\SOEM\soem\ethercatfoe.c">
      <Filter>Source Files</Filter>
    </ClCompile>
    <ClCompile Include="C:\Users\DBB\Desktop\git\EtherCAT.NET\native\SOEM\soem\ethercatmain.c">
      <Filter>Source Files</Filter>
    </ClCompile>
    <ClCompile Include="C:\Users\DBB\Desktop\git\EtherCAT.NET\native\SOEM\soem\ethercatprint.c">
      <Filter>Source Files</Filter>
    </ClCompile>
    <ClCompile Include="C:\Users\DBB\Desktop\git\EtherCAT.NET\native\SOEM\soem\ethercatsoe.c">
      <Filter>Source Files</Filter>
    </ClCompile>
    <ClCompile Include="C:\Users\DBB\Desktop\git\EtherCAT.NET\native\SOEM\osal\win32\osal.c">
      <Filter>Source Files</Filter>
    </ClCompile>
    <ClCompile Include="C:\Users\DBB\Desktop\git\EtherCAT.NET\native\SOEM\oshw\win32\nicdrv.c">
      <Filter>Source Files</Filter>
    </ClCompile>
    <ClCompile Include="C:\Users\DBB\Desktop\git\EtherCAT.NET\native\SOEM\oshw\win32\oshw.c">
      <Filter>Source Files</Filter>
    </ClCompile>
  </ItemGroup>
  <ItemGroup>
    <CustomBuild Include="C:\Users\DBB\Desktop\git\EtherCAT.NET\native\SOEM\CMakeLists.txt" />
  </ItemGroup>
  <ItemGroup>
    <Filter Include="Source Files">
      <UniqueIdentifier>{735ED76F-EDA4-313D-94AD-0BB6EBDD6252}</UniqueIdentifier>
    </Filter>
  </ItemGroup>
</Project>
