
Microsoft Visual Studio Solution File, Format Version 12.00
# Visual Studio Version 17
Project("{8BC9CEB8-8B4A-11D0-8D11-00A0C91BC942}") = "ALL_BUILD", "ALL_BUILD.vcxproj", "{87B78DFE-63FA-3344-A97A-B5D9664F1068}"
	ProjectSection(ProjectDependencies) = postProject
		{9ED837E4-10B6-3F70-8D51-9469B3357FE9} = {9ED837E4-10B6-3F70-8D51-9469B3357FE9}
		{C21AC2CD-C37F-3BDA-A79A-F8EE2F605105} = {C21AC2CD-C37F-3BDA-A79A-F8EE2F605105}
		{CED9FB11-8DD7-3E15-9012-73ED54D63085} = {CED9FB11-8DD7-3E15-9012-73ED54D63085}
		{E9C4FA0F-85EE-3AAA-A6E8-EFFD880CBB82} = {E9C4FA0F-85EE-3AAA-A6E8-EFFD880CBB82}
		{22A08B36-177D-37B4-AA7B-B79F3A8B8A57} = {22A08B36-177D-37B4-AA7B-B79F3A8B8A57}
	EndProjectSection
EndProject
Project("{8BC9CEB8-8B4A-11D0-8D11-00A0C91BC942}") = "INSTALL", "INSTALL.vcxproj", "{3610E8DC-57E6-3AD8-B9F8-3C41A8977243}"
	ProjectSection(ProjectDependencies) = postProject
		{87B78DFE-63FA-3344-A97A-B5D9664F1068} = {87B78DFE-63FA-3344-A97A-B5D9664F1068}
		{9ED837E4-10B6-3F70-8D51-9469B3357FE9} = {9ED837E4-10B6-3F70-8D51-9469B3357FE9}
	EndProjectSection
EndProject
Project("{8BC9CEB8-8B4A-11D0-8D11-00A0C91BC942}") = "ZERO_CHECK", "..\\ZERO_CHECK.vcxproj", "{9ED837E4-10B6-3F70-8D51-9469B3357FE9}"
	ProjectSection(ProjectDependencies) = postProject
	EndProjectSection
EndProject
Project("{8BC9CEB8-8B4A-11D0-8D11-00A0C91BC942}") = "eepromtool", "test\linux\eepromtool\eepromtool.vcxproj", "{C21AC2CD-C37F-3BDA-A79A-F8EE2F605105}"
	ProjectSection(ProjectDependencies) = postProject
		{9ED837E4-10B6-3F70-8D51-9469B3357FE9} = {9ED837E4-10B6-3F70-8D51-9469B3357FE9}
		{22A08B36-177D-37B4-AA7B-B79F3A8B8A57} = {22A08B36-177D-37B4-AA7B-B79F3A8B8A57}
	EndProjectSection
EndProject
Project("{8BC9CEB8-8B4A-11D0-8D11-00A0C91BC942}") = "simple_test", "test\linux\simple_test\simple_test.vcxproj", "{CED9FB11-8DD7-3E15-9012-73ED54D63085}"
	ProjectSection(ProjectDependencies) = postProject
		{9ED837E4-10B6-3F70-8D51-9469B3357FE9} = {9ED837E4-10B6-3F70-8D51-9469B3357FE9}
		{22A08B36-177D-37B4-AA7B-B79F3A8B8A57} = {22A08B36-177D-37B4-AA7B-B79F3A8B8A57}
	EndProjectSection
EndProject
Project("{8BC9CEB8-8B4A-11D0-8D11-00A0C91BC942}") = "slaveinfo", "test\linux\slaveinfo\slaveinfo.vcxproj", "{E9C4FA0F-85EE-3AAA-A6E8-EFFD880CBB82}"
	ProjectSection(ProjectDependencies) = postProject
		{9ED837E4-10B6-3F70-8D51-9469B3357FE9} = {9ED837E4-10B6-3F70-8D51-9469B3357FE9}
		{22A08B36-177D-37B4-AA7B-B79F3A8B8A57} = {22A08B36-177D-37B4-AA7B-B79F3A8B8A57}
	EndProjectSection
EndProject
Project("{8BC9CEB8-8B4A-11D0-8D11-00A0C91BC942}") = "soem", "soem.vcxproj", "{22A08B36-177D-37B4-AA7B-B79F3A8B8A57}"
	ProjectSection(ProjectDependencies) = postProject
		{9ED837E4-10B6-3F70-8D51-9469B3357FE9} = {9ED837E4-10B6-3F70-8D51-9469B3357FE9}
	EndProjectSection
EndProject
Global
	GlobalSection(SolutionConfigurationPlatforms) = preSolution
		Debug|Win32 = Debug|Win32
		Release|Win32 = Release|Win32
	EndGlobalSection
	GlobalSection(ProjectConfigurationPlatforms) = postSolution
		{87B78DFE-63FA-3344-A97A-B5D9664F1068}.Debug|Win32.ActiveCfg = Debug|Win32
		{87B78DFE-63FA-3344-A97A-B5D9664F1068}.Debug|Win32.Build.0 = Debug|Win32
		{87B78DFE-63FA-3344-A97A-B5D9664F1068}.Release|Win32.ActiveCfg = Release|Win32
		{87B78DFE-63FA-3344-A97A-B5D9664F1068}.Release|Win32.Build.0 = Release|Win32
		{3610E8DC-57E6-3AD8-B9F8-3C41A8977243}.Debug|Win32.ActiveCfg = Debug|Win32
		{3610E8DC-57E6-3AD8-B9F8-3C41A8977243}.Release|Win32.ActiveCfg = Release|Win32
		{9ED837E4-10B6-3F70-8D51-9469B3357FE9}.Debug|Win32.ActiveCfg = Debug|Win32
		{9ED837E4-10B6-3F70-8D51-9469B3357FE9}.Debug|Win32.Build.0 = Debug|Win32
		{9ED837E4-10B6-3F70-8D51-9469B3357FE9}.Release|Win32.ActiveCfg = Release|Win32
		{9ED837E4-10B6-3F70-8D51-9469B3357FE9}.Release|Win32.Build.0 = Release|Win32
		{C21AC2CD-C37F-3BDA-A79A-F8EE2F605105}.Debug|Win32.ActiveCfg = Debug|Win32
		{C21AC2CD-C37F-3BDA-A79A-F8EE2F605105}.Debug|Win32.Build.0 = Debug|Win32
		{C21AC2CD-C37F-3BDA-A79A-F8EE2F605105}.Release|Win32.ActiveCfg = Release|Win32
		{C21AC2CD-C37F-3BDA-A79A-F8EE2F605105}.Release|Win32.Build.0 = Release|Win32
		{CED9FB11-8DD7-3E15-9012-73ED54D63085}.Debug|Win32.ActiveCfg = Debug|Win32
		{CED9FB11-8DD7-3E15-9012-73ED54D63085}.Debug|Win32.Build.0 = Debug|Win32
		{CED9FB11-8DD7-3E15-9012-73ED54D63085}.Release|Win32.ActiveCfg = Release|Win32
		{CED9FB11-8DD7-3E15-9012-73ED54D63085}.Release|Win32.Build.0 = Release|Win32
		{E9C4FA0F-85EE-3AAA-A6E8-EFFD880CBB82}.Debug|Win32.ActiveCfg = Debug|Win32
		{E9C4FA0F-85EE-3AAA-A6E8-EFFD880CBB82}.Debug|Win32.Build.0 = Debug|Win32
		{E9C4FA0F-85EE-3AAA-A6E8-EFFD880CBB82}.Release|Win32.ActiveCfg = Release|Win32
		{E9C4FA0F-85EE-3AAA-A6E8-EFFD880CBB82}.Release|Win32.Build.0 = Release|Win32
		{22A08B36-177D-37B4-AA7B-B79F3A8B8A57}.Debug|Win32.ActiveCfg = Debug|Win32
		{22A08B36-177D-37B4-AA7B-B79F3A8B8A57}.Debug|Win32.Build.0 = Debug|Win32
		{22A08B36-177D-37B4-AA7B-B79F3A8B8A57}.Release|Win32.ActiveCfg = Release|Win32
		{22A08B36-177D-37B4-AA7B-B79F3A8B8A57}.Release|Win32.Build.0 = Release|Win32
	EndGlobalSection
	GlobalSection(ExtensibilityGlobals) = postSolution
		SolutionGuid = {5C401E67-065A-3594-8493-D7079B146716}
	EndGlobalSection
	GlobalSection(ExtensibilityAddIns) = postSolution
	EndGlobalSection
EndGlobal
